
Microsoft Visual Studio Solution File, Format Version 12.00
# Visual Studio Version 17
VisualStudioVersion = 17.0.31903.59
MinimumVisualStudioVersion = 10.0.40219.1
Project("{2150E333-8FDC-42A3-9474-1A3956D46DE8}") = "App", "App", "{F95F473B-E98A-ACD6-1986-755F447BE36F}"
EndProject
Project("{FAE04EC0-301F-11D3-BF4B-00C04F79EFBC}") = "DiamondApp", "App\DiamondApp\DiamondApp.csproj", "{DBDBAE36-CC67-4B5E-9567-A48493989510}"
EndProject
Project("{2150E333-8FDC-42A3-9474-1A3956D46DE8}") = "Logic", "Logic", "{33FD58CF-3231-4D93-818C-DB287933AD94}"
EndProject
Project("{2150E333-8FDC-42A3-9474-1A3956D46DE8}") = "Data", "Data", "{B8B56BEA-BFD4-461F-8031-5C1F443F8257}"
EndProject
Project("{2150E333-8FDC-42A3-9474-1A3956D46DE8}") = "SolutionItems", "SolutionItems", "{2BEAE9E6-293B-4686-8E46-C3448DF12A86}"
	ProjectSection(SolutionItems) = preProject
		Directory.Packages.props = Directory.Packages.props
		Directory.Build.props = Directory.Build.props
		readme.md = readme.md
	EndProjectSection
EndProject
Project("{2150E333-8FDC-42A3-9474-1A3956D46DE8}") = "Framework", "Framework", "{478B9FC6-C69E-451A-A1B0-243A72DD6C16}"
EndProject
Project("{FAE04EC0-301F-11D3-BF4B-00C04F79EFBC}") = "Brudibytes.Core.Contract", "Framework\Brudibytes.Core.Contract\Brudibytes.Core.Contract.csproj", "{1A6A0E98-942A-4F17-BA7D-25860701CC15}"
EndProject
Project("{FAE04EC0-301F-11D3-BF4B-00C04F79EFBC}") = "Brudibytes.Core.EventBus.Contract", "Framework\Brudibytes.Core.EventBus.Contract\Brudibytes.Core.EventBus.Contract.csproj", "{199D5EB7-B24B-4934-A275-CF4ED8736E35}"
EndProject
Project("{FAE04EC0-301F-11D3-BF4B-00C04F79EFBC}") = "Brudibytes.Core.EventBus", "Framework\Brudibytes.Core.EventBus\Brudibytes.Core.EventBus.csproj", "{B04BF8EC-4A25-49DE-A41E-FEC089B234EE}"
EndProject
Project("{FAE04EC0-301F-11D3-BF4B-00C04F79EFBC}") = "Brudibytes.Core.Bootstrapping", "Framework\Brudibytes.Core.Bootstrapping\Brudibytes.Core.Bootstrapping.csproj", "{B0AF9433-761F-408E-B604-A62DDFCD71BF}"
EndProject
Project("{2150E333-8FDC-42A3-9474-1A3956D46DE8}") = "Vertical", "Vertical", "{9E52BB1C-E06A-44B6-8755-B0E31130F323}"
EndProject
Project("{FAE04EC0-301F-11D3-BF4B-00C04F79EFBC}") = "ComponentMapping", "Vertical\ComponentMapping\ComponentMapping.csproj", "{9ABEA9E9-8791-4218-BAEE-D32C946278DC}"
EndProject
Project("{FAE04EC0-301F-11D3-BF4B-00C04F79EFBC}") = "Brudibytes.Core.Microsoft.DependencyInjection.Adapter", "Framework\Brudibytes.Core.Microsoft.DependencyInjection.Adapter\Brudibytes.Core.Microsoft.DependencyInjection.Adapter.csproj", "{D4914717-96F9-48CA-BFAF-841651D532BA}"
EndProject
Project("{2150E333-8FDC-42A3-9474-1A3956D46DE8}") = "Domain", "Domain", "{BB939397-BFC9-4CD4-B947-BDB35211FA3C}"
EndProject
Project("{FAE04EC0-301F-11D3-BF4B-00C04F79EFBC}") = "Weather", "Logic\Domain\Weather\Weather.csproj", "{3C8E68D6-FD78-443E-9934-6C761CA03EE2}"
EndProject
Project("{FAE04EC0-301F-11D3-BF4B-00C04F79EFBC}") = "Weather.Contract", "Logic\Domain\Weather.Contract\Weather.Contract.csproj", "{046ADE63-ECFA-4E20-A848-A00D7B0FDA10}"
EndProject
Project("{FAE04EC0-301F-11D3-BF4B-00C04F79EFBC}") = "Diamond.Ui.Weather", "App\Diamond.Ui.Weather\Diamond.Ui.Weather.csproj", "{81F268F2-9B27-4BB6-94E8-13AD6DE87715}"
EndProject
Project("{FAE04EC0-301F-11D3-BF4B-00C04F79EFBC}") = "Weather.Test", "Logic\Domain\Weather.Test\Weather.Test.csproj", "{1E7C0E26-E874-463F-B438-46DDC2BEC7E7}"
EndProject
Project("{FAE04EC0-301F-11D3-BF4B-00C04F79EFBC}") = "Brudibytes.Blazor", "Framework\Brudibytes.Blazor\Brudibytes.Blazor.csproj", "{1155739F-7432-4E57-92D7-A89E632C992C}"
EndProject
Project("{FAE04EC0-301F-11D3-BF4B-00C04F79EFBC}") = "Brudibytes.MVVM", "Framework\Brudibytes.MVVM\Brudibytes.MVVM.csproj", "{70BF16BC-919E-4E2A-ACD9-43F79D618E58}"
EndProject
Project("{FAE04EC0-301F-11D3-BF4B-00C04F79EFBC}") = "Weather.Contract", "Data\Weather.Contract\Weather.Contract.csproj", "{06B7CFBA-D2AB-4C30-B68E-31AF1414103C}"
EndProject
Project("{2150E333-8FDC-42A3-9474-1A3956D46DE8}") = "ViewModel", "ViewModel", "{B786794C-6EE8-4C94-B205-C0DEC13A1C62}"
EndProject
Project("{FAE04EC0-301F-11D3-BF4B-00C04F79EFBC}") = "Weather.ViewModel.Contract", "Logic\ViewModel\Weather.ViewModel.Contract\Weather.ViewModel.Contract.csproj", "{24B5FA54-769B-4946-9DBB-C844BCE2942A}"
EndProject
Project("{FAE04EC0-301F-11D3-BF4B-00C04F79EFBC}") = "Weather.ViewModel", "Logic\ViewModel\Weather.ViewModel\Weather.ViewModel.csproj", "{520F4459-E078-4624-8ECE-1E0DD4B6B95C}"
EndProject
Project("{FAE04EC0-301F-11D3-BF4B-00C04F79EFBC}") = "Weather.Http.OpenMeteo.Test", "Data\Weather.Http.OpenMeteo.Test\Weather.Http.OpenMeteo.Test.csproj", "{49B6DC50-62B8-4F74-AE21-F558F87A7E50}"
EndProject
Project("{FAE04EC0-301F-11D3-BF4B-00C04F79EFBC}") = "Weather.Http.OpenMeteo", "Data\Weather.Http.OpenMeteo\Weather.Http.OpenMeteo.csproj", "{F9B16551-8CE1-4C27-B5C7-C66B3B828C83}"
EndProject
Project("{2150E333-8FDC-42A3-9474-1A3956D46DE8}") = "Foundation", "Foundation", "{A4C20CDB-A9C1-4BCB-8A15-FD35CD62AA0B}"
EndProject
Project("{FAE04EC0-301F-11D3-BF4B-00C04F79EFBC}") = "Calendar", "Logic\Foundation\Calendar\Calendar.csproj", "{59D47E53-D65B-498C-8FAB-33C0AF126188}"
EndProject
Project("{FAE04EC0-301F-11D3-BF4B-00C04F79EFBC}") = "Calendar.Contract", "Logic\Foundation\Calendar.Contract\Calendar.Contract.csproj", "{3A1A98F6-F2A0-4DDA-92CD-87F7C179073C}"
EndProject
Project("{FAE04EC0-301F-11D3-BF4B-00C04F79EFBC}") = "Calendar.Test", "Logic\Foundation\Calendar.Test\Calendar.Test.csproj", "{8F21BB95-3595-41E4-AA2F-7457F9DD57F5}"
EndProject
Global
	GlobalSection(SolutionConfigurationPlatforms) = preSolution
		Debug|Any CPU = Debug|Any CPU
		Debug|x64 = Debug|x64
		Debug|x86 = Debug|x86
		Release|Any CPU = Release|Any CPU
		Release|x64 = Release|x64
		Release|x86 = Release|x86
	EndGlobalSection
	GlobalSection(ProjectConfigurationPlatforms) = postSolution
		{DBDBAE36-CC67-4B5E-9567-A48493989510}.Debug|Any CPU.ActiveCfg = Debug|Any CPU
		{DBDBAE36-CC67-4B5E-9567-A48493989510}.Debug|Any CPU.Build.0 = Debug|Any CPU
		{DBDBAE36-CC67-4B5E-9567-A48493989510}.Debug|x64.ActiveCfg = Debug|Any CPU
		{DBDBAE36-CC67-4B5E-9567-A48493989510}.Debug|x64.Build.0 = Debug|Any CPU
		{DBDBAE36-CC67-4B5E-9567-A48493989510}.Debug|x86.ActiveCfg = Debug|Any CPU
		{DBDBAE36-CC67-4B5E-9567-A48493989510}.Debug|x86.Build.0 = Debug|Any CPU
		{DBDBAE36-CC67-4B5E-9567-A48493989510}.Release|Any CPU.ActiveCfg = Release|Any CPU
		{DBDBAE36-CC67-4B5E-9567-A48493989510}.Release|Any CPU.Build.0 = Release|Any CPU
		{DBDBAE36-CC67-4B5E-9567-A48493989510}.Release|x64.ActiveCfg = Release|Any CPU
		{DBDBAE36-CC67-4B5E-9567-A48493989510}.Release|x64.Build.0 = Release|Any CPU
		{DBDBAE36-CC67-4B5E-9567-A48493989510}.Release|x86.ActiveCfg = Release|Any CPU
		{DBDBAE36-CC67-4B5E-9567-A48493989510}.Release|x86.Build.0 = Release|Any CPU
		{1A6A0E98-942A-4F17-BA7D-25860701CC15}.Debug|Any CPU.ActiveCfg = Debug|Any CPU
		{1A6A0E98-942A-4F17-BA7D-25860701CC15}.Debug|Any CPU.Build.0 = Debug|Any CPU
		{1A6A0E98-942A-4F17-BA7D-25860701CC15}.Debug|x64.ActiveCfg = Debug|Any CPU
		{1A6A0E98-942A-4F17-BA7D-25860701CC15}.Debug|x64.Build.0 = Debug|Any CPU
		{1A6A0E98-942A-4F17-BA7D-25860701CC15}.Debug|x86.ActiveCfg = Debug|Any CPU
		{1A6A0E98-942A-4F17-BA7D-25860701CC15}.Debug|x86.Build.0 = Debug|Any CPU
		{1A6A0E98-942A-4F17-BA7D-25860701CC15}.Release|Any CPU.ActiveCfg = Release|Any CPU
		{1A6A0E98-942A-4F17-BA7D-25860701CC15}.Release|Any CPU.Build.0 = Release|Any CPU
		{1A6A0E98-942A-4F17-BA7D-25860701CC15}.Release|x64.ActiveCfg = Release|Any CPU
		{1A6A0E98-942A-4F17-BA7D-25860701CC15}.Release|x64.Build.0 = Release|Any CPU
		{1A6A0E98-942A-4F17-BA7D-25860701CC15}.Release|x86.ActiveCfg = Release|Any CPU
		{1A6A0E98-942A-4F17-BA7D-25860701CC15}.Release|x86.Build.0 = Release|Any CPU
		{199D5EB7-B24B-4934-A275-CF4ED8736E35}.Debug|Any CPU.ActiveCfg = Debug|Any CPU
		{199D5EB7-B24B-4934-A275-CF4ED8736E35}.Debug|Any CPU.Build.0 = Debug|Any CPU
		{199D5EB7-B24B-4934-A275-CF4ED8736E35}.Debug|x64.ActiveCfg = Debug|Any CPU
		{199D5EB7-B24B-4934-A275-CF4ED8736E35}.Debug|x64.Build.0 = Debug|Any CPU
		{199D5EB7-B24B-4934-A275-CF4ED8736E35}.Debug|x86.ActiveCfg = Debug|Any CPU
		{199D5EB7-B24B-4934-A275-CF4ED8736E35}.Debug|x86.Build.0 = Debug|Any CPU
		{199D5EB7-B24B-4934-A275-CF4ED8736E35}.Release|Any CPU.ActiveCfg = Release|Any CPU
		{199D5EB7-B24B-4934-A275-CF4ED8736E35}.Release|Any CPU.Build.0 = Release|Any CPU
		{199D5EB7-B24B-4934-A275-CF4ED8736E35}.Release|x64.ActiveCfg = Release|Any CPU
		{199D5EB7-B24B-4934-A275-CF4ED8736E35}.Release|x64.Build.0 = Release|Any CPU
		{199D5EB7-B24B-4934-A275-CF4ED8736E35}.Release|x86.ActiveCfg = Release|Any CPU
		{199D5EB7-B24B-4934-A275-CF4ED8736E35}.Release|x86.Build.0 = Release|Any CPU
		{B04BF8EC-4A25-49DE-A41E-FEC089B234EE}.Debug|Any CPU.ActiveCfg = Debug|Any CPU
		{B04BF8EC-4A25-49DE-A41E-FEC089B234EE}.Debug|Any CPU.Build.0 = Debug|Any CPU
		{B04BF8EC-4A25-49DE-A41E-FEC089B234EE}.Debug|x64.ActiveCfg = Debug|Any CPU
		{B04BF8EC-4A25-49DE-A41E-FEC089B234EE}.Debug|x64.Build.0 = Debug|Any CPU
		{B04BF8EC-4A25-49DE-A41E-FEC089B234EE}.Debug|x86.ActiveCfg = Debug|Any CPU
		{B04BF8EC-4A25-49DE-A41E-FEC089B234EE}.Debug|x86.Build.0 = Debug|Any CPU
		{B04BF8EC-4A25-49DE-A41E-FEC089B234EE}.Release|Any CPU.ActiveCfg = Release|Any CPU
		{B04BF8EC-4A25-49DE-A41E-FEC089B234EE}.Release|Any CPU.Build.0 = Release|Any CPU
		{B04BF8EC-4A25-49DE-A41E-FEC089B234EE}.Release|x64.ActiveCfg = Release|Any CPU
		{B04BF8EC-4A25-49DE-A41E-FEC089B234EE}.Release|x64.Build.0 = Release|Any CPU
		{B04BF8EC-4A25-49DE-A41E-FEC089B234EE}.Release|x86.ActiveCfg = Release|Any CPU
		{B04BF8EC-4A25-49DE-A41E-FEC089B234EE}.Release|x86.Build.0 = Release|Any CPU
		{B0AF9433-761F-408E-B604-A62DDFCD71BF}.Debug|Any CPU.ActiveCfg = Debug|Any CPU
		{B0AF9433-761F-408E-B604-A62DDFCD71BF}.Debug|Any CPU.Build.0 = Debug|Any CPU
		{B0AF9433-761F-408E-B604-A62DDFCD71BF}.Debug|x64.ActiveCfg = Debug|Any CPU
		{B0AF9433-761F-408E-B604-A62DDFCD71BF}.Debug|x64.Build.0 = Debug|Any CPU
		{B0AF9433-761F-408E-B604-A62DDFCD71BF}.Debug|x86.ActiveCfg = Debug|Any CPU
		{B0AF9433-761F-408E-B604-A62DDFCD71BF}.Debug|x86.Build.0 = Debug|Any CPU
		{B0AF9433-761F-408E-B604-A62DDFCD71BF}.Release|Any CPU.ActiveCfg = Release|Any CPU
		{B0AF9433-761F-408E-B604-A62DDFCD71BF}.Release|Any CPU.Build.0 = Release|Any CPU
		{B0AF9433-761F-408E-B604-A62DDFCD71BF}.Release|x64.ActiveCfg = Release|Any CPU
		{B0AF9433-761F-408E-B604-A62DDFCD71BF}.Release|x64.Build.0 = Release|Any CPU
		{B0AF9433-761F-408E-B604-A62DDFCD71BF}.Release|x86.ActiveCfg = Release|Any CPU
		{B0AF9433-761F-408E-B604-A62DDFCD71BF}.Release|x86.Build.0 = Release|Any CPU
		{9ABEA9E9-8791-4218-BAEE-D32C946278DC}.Debug|Any CPU.ActiveCfg = Debug|Any CPU
		{9ABEA9E9-8791-4218-BAEE-D32C946278DC}.Debug|Any CPU.Build.0 = Debug|Any CPU
		{9ABEA9E9-8791-4218-BAEE-D32C946278DC}.Debug|x64.ActiveCfg = Debug|Any CPU
		{9ABEA9E9-8791-4218-BAEE-D32C946278DC}.Debug|x64.Build.0 = Debug|Any CPU
		{9ABEA9E9-8791-4218-BAEE-D32C946278DC}.Debug|x86.ActiveCfg = Debug|Any CPU
		{9ABEA9E9-8791-4218-BAEE-D32C946278DC}.Debug|x86.Build.0 = Debug|Any CPU
		{9ABEA9E9-8791-4218-BAEE-D32C946278DC}.Release|Any CPU.ActiveCfg = Release|Any CPU
		{9ABEA9E9-8791-4218-BAEE-D32C946278DC}.Release|Any CPU.Build.0 = Release|Any CPU
		{9ABEA9E9-8791-4218-BAEE-D32C946278DC}.Release|x64.ActiveCfg = Release|Any CPU
		{9ABEA9E9-8791-4218-BAEE-D32C946278DC}.Release|x64.Build.0 = Release|Any CPU
		{9ABEA9E9-8791-4218-BAEE-D32C946278DC}.Release|x86.ActiveCfg = Release|Any CPU
		{9ABEA9E9-8791-4218-BAEE-D32C946278DC}.Release|x86.Build.0 = Release|Any CPU
		{D4914717-96F9-48CA-BFAF-841651D532BA}.Debug|Any CPU.ActiveCfg = Debug|Any CPU
		{D4914717-96F9-48CA-BFAF-841651D532BA}.Debug|Any CPU.Build.0 = Debug|Any CPU
		{D4914717-96F9-48CA-BFAF-841651D532BA}.Debug|x64.ActiveCfg = Debug|Any CPU
		{D4914717-96F9-48CA-BFAF-841651D532BA}.Debug|x64.Build.0 = Debug|Any CPU
		{D4914717-96F9-48CA-BFAF-841651D532BA}.Debug|x86.ActiveCfg = Debug|Any CPU
		{D4914717-96F9-48CA-BFAF-841651D532BA}.Debug|x86.Build.0 = Debug|Any CPU
		{D4914717-96F9-48CA-BFAF-841651D532BA}.Release|Any CPU.ActiveCfg = Release|Any CPU
		{D4914717-96F9-48CA-BFAF-841651D532BA}.Release|Any CPU.Build.0 = Release|Any CPU
		{D4914717-96F9-48CA-BFAF-841651D532BA}.Release|x64.ActiveCfg = Release|Any CPU
		{D4914717-96F9-48CA-BFAF-841651D532BA}.Release|x64.Build.0 = Release|Any CPU
		{D4914717-96F9-48CA-BFAF-841651D532BA}.Release|x86.ActiveCfg = Release|Any CPU
		{D4914717-96F9-48CA-BFAF-841651D532BA}.Release|x86.Build.0 = Release|Any CPU
		{3C8E68D6-FD78-443E-9934-6C761CA03EE2}.Debug|Any CPU.ActiveCfg = Debug|Any CPU
		{3C8E68D6-FD78-443E-9934-6C761CA03EE2}.Debug|Any CPU.Build.0 = Debug|Any CPU
		{3C8E68D6-FD78-443E-9934-6C761CA03EE2}.Debug|x64.ActiveCfg = Debug|Any CPU
		{3C8E68D6-FD78-443E-9934-6C761CA03EE2}.Debug|x64.Build.0 = Debug|Any CPU
		{3C8E68D6-FD78-443E-9934-6C761CA03EE2}.Debug|x86.ActiveCfg = Debug|Any CPU
		{3C8E68D6-FD78-443E-9934-6C761CA03EE2}.Debug|x86.Build.0 = Debug|Any CPU
		{3C8E68D6-FD78-443E-9934-6C761CA03EE2}.Release|Any CPU.ActiveCfg = Release|Any CPU
		{3C8E68D6-FD78-443E-9934-6C761CA03EE2}.Release|Any CPU.Build.0 = Release|Any CPU
		{3C8E68D6-FD78-443E-9934-6C761CA03EE2}.Release|x64.ActiveCfg = Release|Any CPU
		{3C8E68D6-FD78-443E-9934-6C761CA03EE2}.Release|x64.Build.0 = Release|Any CPU
		{3C8E68D6-FD78-443E-9934-6C761CA03EE2}.Release|x86.ActiveCfg = Release|Any CPU
		{3C8E68D6-FD78-443E-9934-6C761CA03EE2}.Release|x86.Build.0 = Release|Any CPU
		{046ADE63-ECFA-4E20-A848-A00D7B0FDA10}.Debug|Any CPU.ActiveCfg = Debug|Any CPU
		{046ADE63-ECFA-4E20-A848-A00D7B0FDA10}.Debug|Any CPU.Build.0 = Debug|Any CPU
		{046ADE63-ECFA-4E20-A848-A00D7B0FDA10}.Debug|x64.ActiveCfg = Debug|Any CPU
		{046ADE63-ECFA-4E20-A848-A00D7B0FDA10}.Debug|x64.Build.0 = Debug|Any CPU
		{046ADE63-ECFA-4E20-A848-A00D7B0FDA10}.Debug|x86.ActiveCfg = Debug|Any CPU
		{046ADE63-ECFA-4E20-A848-A00D7B0FDA10}.Debug|x86.Build.0 = Debug|Any CPU
		{046ADE63-ECFA-4E20-A848-A00D7B0FDA10}.Release|Any CPU.ActiveCfg = Release|Any CPU
		{046ADE63-ECFA-4E20-A848-A00D7B0FDA10}.Release|Any CPU.Build.0 = Release|Any CPU
		{046ADE63-ECFA-4E20-A848-A00D7B0FDA10}.Release|x64.ActiveCfg = Release|Any CPU
		{046ADE63-ECFA-4E20-A848-A00D7B0FDA10}.Release|x64.Build.0 = Release|Any CPU
		{046ADE63-ECFA-4E20-A848-A00D7B0FDA10}.Release|x86.ActiveCfg = Release|Any CPU
		{046ADE63-ECFA-4E20-A848-A00D7B0FDA10}.Release|x86.Build.0 = Release|Any CPU
		{81F268F2-9B27-4BB6-94E8-13AD6DE87715}.Debug|Any CPU.ActiveCfg = Debug|Any CPU
		{81F268F2-9B27-4BB6-94E8-13AD6DE87715}.Debug|Any CPU.Build.0 = Debug|Any CPU
		{81F268F2-9B27-4BB6-94E8-13AD6DE87715}.Debug|x64.ActiveCfg = Debug|Any CPU
		{81F268F2-9B27-4BB6-94E8-13AD6DE87715}.Debug|x64.Build.0 = Debug|Any CPU
		{81F268F2-9B27-4BB6-94E8-13AD6DE87715}.Debug|x86.ActiveCfg = Debug|Any CPU
		{81F268F2-9B27-4BB6-94E8-13AD6DE87715}.Debug|x86.Build.0 = Debug|Any CPU
		{81F268F2-9B27-4BB6-94E8-13AD6DE87715}.Release|Any CPU.ActiveCfg = Release|Any CPU
		{81F268F2-9B27-4BB6-94E8-13AD6DE87715}.Release|Any CPU.Build.0 = Release|Any CPU
		{81F268F2-9B27-4BB6-94E8-13AD6DE87715}.Release|x64.ActiveCfg = Release|Any CPU
		{81F268F2-9B27-4BB6-94E8-13AD6DE87715}.Release|x64.Build.0 = Release|Any CPU
		{81F268F2-9B27-4BB6-94E8-13AD6DE87715}.Release|x86.ActiveCfg = Release|Any CPU
		{81F268F2-9B27-4BB6-94E8-13AD6DE87715}.Release|x86.Build.0 = Release|Any CPU
		{1E7C0E26-E874-463F-B438-46DDC2BEC7E7}.Debug|Any CPU.ActiveCfg = Debug|Any CPU
		{1E7C0E26-E874-463F-B438-46DDC2BEC7E7}.Debug|Any CPU.Build.0 = Debug|Any CPU
		{1E7C0E26-E874-463F-B438-46DDC2BEC7E7}.Debug|x64.ActiveCfg = Debug|Any CPU
		{1E7C0E26-E874-463F-B438-46DDC2BEC7E7}.Debug|x64.Build.0 = Debug|Any CPU
		{1E7C0E26-E874-463F-B438-46DDC2BEC7E7}.Debug|x86.ActiveCfg = Debug|Any CPU
		{1E7C0E26-E874-463F-B438-46DDC2BEC7E7}.Debug|x86.Build.0 = Debug|Any CPU
		{1E7C0E26-E874-463F-B438-46DDC2BEC7E7}.Release|Any CPU.ActiveCfg = Release|Any CPU
		{1E7C0E26-E874-463F-B438-46DDC2BEC7E7}.Release|Any CPU.Build.0 = Release|Any CPU
		{1E7C0E26-E874-463F-B438-46DDC2BEC7E7}.Release|x64.ActiveCfg = Release|Any CPU
		{1E7C0E26-E874-463F-B438-46DDC2BEC7E7}.Release|x64.Build.0 = Release|Any CPU
		{1E7C0E26-E874-463F-B438-46DDC2BEC7E7}.Release|x86.ActiveCfg = Release|Any CPU
		{1E7C0E26-E874-463F-B438-46DDC2BEC7E7}.Release|x86.Build.0 = Release|Any CPU
		{1155739F-7432-4E57-92D7-A89E632C992C}.Debug|Any CPU.ActiveCfg = Debug|Any CPU
		{1155739F-7432-4E57-92D7-A89E632C992C}.Debug|Any CPU.Build.0 = Debug|Any CPU
		{1155739F-7432-4E57-92D7-A89E632C992C}.Debug|x64.ActiveCfg = Debug|Any CPU
		{1155739F-7432-4E57-92D7-A89E632C992C}.Debug|x64.Build.0 = Debug|Any CPU
		{1155739F-7432-4E57-92D7-A89E632C992C}.Debug|x86.ActiveCfg = Debug|Any CPU
		{1155739F-7432-4E57-92D7-A89E632C992C}.Debug|x86.Build.0 = Debug|Any CPU
		{1155739F-7432-4E57-92D7-A89E632C992C}.Release|Any CPU.ActiveCfg = Release|Any CPU
		{1155739F-7432-4E57-92D7-A89E632C992C}.Release|Any CPU.Build.0 = Release|Any CPU
		{1155739F-7432-4E57-92D7-A89E632C992C}.Release|x64.ActiveCfg = Release|Any CPU
		{1155739F-7432-4E57-92D7-A89E632C992C}.Release|x64.Build.0 = Release|Any CPU
		{1155739F-7432-4E57-92D7-A89E632C992C}.Release|x86.ActiveCfg = Release|Any CPU
		{1155739F-7432-4E57-92D7-A89E632C992C}.Release|x86.Build.0 = Release|Any CPU
		{70BF16BC-919E-4E2A-ACD9-43F79D618E58}.Debug|Any CPU.ActiveCfg = Debug|Any CPU
		{70BF16BC-919E-4E2A-ACD9-43F79D618E58}.Debug|Any CPU.Build.0 = Debug|Any CPU
		{70BF16BC-919E-4E2A-ACD9-43F79D618E58}.Debug|x64.ActiveCfg = Debug|Any CPU
		{70BF16BC-919E-4E2A-ACD9-43F79D618E58}.Debug|x64.Build.0 = Debug|Any CPU
		{70BF16BC-919E-4E2A-ACD9-43F79D618E58}.Debug|x86.ActiveCfg = Debug|Any CPU
		{70BF16BC-919E-4E2A-ACD9-43F79D618E58}.Debug|x86.Build.0 = Debug|Any CPU
		{70BF16BC-919E-4E2A-ACD9-43F79D618E58}.Release|Any CPU.ActiveCfg = Release|Any CPU
		{70BF16BC-919E-4E2A-ACD9-43F79D618E58}.Release|Any CPU.Build.0 = Release|Any CPU
		{70BF16BC-919E-4E2A-ACD9-43F79D618E58}.Release|x64.ActiveCfg = Release|Any CPU
		{70BF16BC-919E-4E2A-ACD9-43F79D618E58}.Release|x64.Build.0 = Release|Any CPU
		{70BF16BC-919E-4E2A-ACD9-43F79D618E58}.Release|x86.ActiveCfg = Release|Any CPU
		{70BF16BC-919E-4E2A-ACD9-43F79D618E58}.Release|x86.Build.0 = Release|Any CPU
		{06B7CFBA-D2AB-4C30-B68E-31AF1414103C}.Debug|Any CPU.ActiveCfg = Debug|Any CPU
		{06B7CFBA-D2AB-4C30-B68E-31AF1414103C}.Debug|Any CPU.Build.0 = Debug|Any CPU
		{06B7CFBA-D2AB-4C30-B68E-31AF1414103C}.Debug|x64.ActiveCfg = Debug|Any CPU
		{06B7CFBA-D2AB-4C30-B68E-31AF1414103C}.Debug|x64.Build.0 = Debug|Any CPU
		{06B7CFBA-D2AB-4C30-B68E-31AF1414103C}.Debug|x86.ActiveCfg = Debug|Any CPU
		{06B7CFBA-D2AB-4C30-B68E-31AF1414103C}.Debug|x86.Build.0 = Debug|Any CPU
		{06B7CFBA-D2AB-4C30-B68E-31AF1414103C}.Release|Any CPU.ActiveCfg = Release|Any CPU
		{06B7CFBA-D2AB-4C30-B68E-31AF1414103C}.Release|Any CPU.Build.0 = Release|Any CPU
		{06B7CFBA-D2AB-4C30-B68E-31AF1414103C}.Release|x64.ActiveCfg = Release|Any CPU
		{06B7CFBA-D2AB-4C30-B68E-31AF1414103C}.Release|x64.Build.0 = Release|Any CPU
		{06B7CFBA-D2AB-4C30-B68E-31AF1414103C}.Release|x86.ActiveCfg = Release|Any CPU
		{06B7CFBA-D2AB-4C30-B68E-31AF1414103C}.Release|x86.Build.0 = Release|Any CPU
		{24B5FA54-769B-4946-9DBB-C844BCE2942A}.Debug|Any CPU.ActiveCfg = Debug|Any CPU
		{24B5FA54-769B-4946-9DBB-C844BCE2942A}.Debug|Any CPU.Build.0 = Debug|Any CPU
		{24B5FA54-769B-4946-9DBB-C844BCE2942A}.Debug|x64.ActiveCfg = Debug|Any CPU
		{24B5FA54-769B-4946-9DBB-C844BCE2942A}.Debug|x64.Build.0 = Debug|Any CPU
		{24B5FA54-769B-4946-9DBB-C844BCE2942A}.Debug|x86.ActiveCfg = Debug|Any CPU
		{24B5FA54-769B-4946-9DBB-C844BCE2942A}.Debug|x86.Build.0 = Debug|Any CPU
		{24B5FA54-769B-4946-9DBB-C844BCE2942A}.Release|Any CPU.ActiveCfg = Release|Any CPU
		{24B5FA54-769B-4946-9DBB-C844BCE2942A}.Release|Any CPU.Build.0 = Release|Any CPU
		{24B5FA54-769B-4946-9DBB-C844BCE2942A}.Release|x64.ActiveCfg = Release|Any CPU
		{24B5FA54-769B-4946-9DBB-C844BCE2942A}.Release|x64.Build.0 = Release|Any CPU
		{24B5FA54-769B-4946-9DBB-C844BCE2942A}.Release|x86.ActiveCfg = Release|Any CPU
		{24B5FA54-769B-4946-9DBB-C844BCE2942A}.Release|x86.Build.0 = Release|Any CPU
		{520F4459-E078-4624-8ECE-1E0DD4B6B95C}.Debug|Any CPU.ActiveCfg = Debug|Any CPU
		{520F4459-E078-4624-8ECE-1E0DD4B6B95C}.Debug|Any CPU.Build.0 = Debug|Any CPU
		{520F4459-E078-4624-8ECE-1E0DD4B6B95C}.Debug|x64.ActiveCfg = Debug|Any CPU
		{520F4459-E078-4624-8ECE-1E0DD4B6B95C}.Debug|x64.Build.0 = Debug|Any CPU
		{520F4459-E078-4624-8ECE-1E0DD4B6B95C}.Debug|x86.ActiveCfg = Debug|Any CPU
		{520F4459-E078-4624-8ECE-1E0DD4B6B95C}.Debug|x86.Build.0 = Debug|Any CPU
		{520F4459-E078-4624-8ECE-1E0DD4B6B95C}.Release|Any CPU.ActiveCfg = Release|Any CPU
		{520F4459-E078-4624-8ECE-1E0DD4B6B95C}.Release|Any CPU.Build.0 = Release|Any CPU
		{520F4459-E078-4624-8ECE-1E0DD4B6B95C}.Release|x64.ActiveCfg = Release|Any CPU
		{520F4459-E078-4624-8ECE-1E0DD4B6B95C}.Release|x64.Build.0 = Release|Any CPU
		{520F4459-E078-4624-8ECE-1E0DD4B6B95C}.Release|x86.ActiveCfg = Release|Any CPU
		{520F4459-E078-4624-8ECE-1E0DD4B6B95C}.Release|x86.Build.0 = Release|Any CPU
		{49B6DC50-62B8-4F74-AE21-F558F87A7E50}.Debug|Any CPU.ActiveCfg = Debug|Any CPU
		{49B6DC50-62B8-4F74-AE21-F558F87A7E50}.Debug|Any CPU.Build.0 = Debug|Any CPU
		{49B6DC50-62B8-4F74-AE21-F558F87A7E50}.Debug|x64.ActiveCfg = Debug|Any CPU
		{49B6DC50-62B8-4F74-AE21-F558F87A7E50}.Debug|x64.Build.0 = Debug|Any CPU
		{49B6DC50-62B8-4F74-AE21-F558F87A7E50}.Debug|x86.ActiveCfg = Debug|Any CPU
		{49B6DC50-62B8-4F74-AE21-F558F87A7E50}.Debug|x86.Build.0 = Debug|Any CPU
		{49B6DC50-62B8-4F74-AE21-F558F87A7E50}.Release|Any CPU.ActiveCfg = Release|Any CPU
		{49B6DC50-62B8-4F74-AE21-F558F87A7E50}.Release|Any CPU.Build.0 = Release|Any CPU
		{49B6DC50-62B8-4F74-AE21-F558F87A7E50}.Release|x64.ActiveCfg = Release|Any CPU
		{49B6DC50-62B8-4F74-AE21-F558F87A7E50}.Release|x64.Build.0 = Release|Any CPU
		{49B6DC50-62B8-4F74-AE21-F558F87A7E50}.Release|x86.ActiveCfg = Release|Any CPU
		{49B6DC50-62B8-4F74-AE21-F558F87A7E50}.Release|x86.Build.0 = Release|Any CPU
		{F9B16551-8CE1-4C27-B5C7-C66B3B828C83}.Debug|Any CPU.ActiveCfg = Debug|Any CPU
		{F9B16551-8CE1-4C27-B5C7-C66B3B828C83}.Debug|Any CPU.Build.0 = Debug|Any CPU
		{F9B16551-8CE1-4C27-B5C7-C66B3B828C83}.Debug|x64.ActiveCfg = Debug|Any CPU
		{F9B16551-8CE1-4C27-B5C7-C66B3B828C83}.Debug|x64.Build.0 = Debug|Any CPU
		{F9B16551-8CE1-4C27-B5C7-C66B3B828C83}.Debug|x86.ActiveCfg = Debug|Any CPU
		{F9B16551-8CE1-4C27-B5C7-C66B3B828C83}.Debug|x86.Build.0 = Debug|Any CPU
		{F9B16551-8CE1-4C27-B5C7-C66B3B828C83}.Release|Any CPU.ActiveCfg = Release|Any CPU
		{F9B16551-8CE1-4C27-B5C7-C66B3B828C83}.Release|Any CPU.Build.0 = Release|Any CPU
		{F9B16551-8CE1-4C27-B5C7-C66B3B828C83}.Release|x64.ActiveCfg = Release|Any CPU
		{F9B16551-8CE1-4C27-B5C7-C66B3B828C83}.Release|x64.Build.0 = Release|Any CPU
		{F9B16551-8CE1-4C27-B5C7-C66B3B828C83}.Release|x86.ActiveCfg = Release|Any CPU
		{F9B16551-8CE1-4C27-B5C7-C66B3B828C83}.Release|x86.Build.0 = Release|Any CPU
		{59D47E53-D65B-498C-8FAB-33C0AF126188}.Debug|Any CPU.ActiveCfg = Debug|Any CPU
		{59D47E53-D65B-498C-8FAB-33C0AF126188}.Debug|Any CPU.Build.0 = Debug|Any CPU
		{59D47E53-D65B-498C-8FAB-33C0AF126188}.Debug|x64.ActiveCfg = Debug|Any CPU
		{59D47E53-D65B-498C-8FAB-33C0AF126188}.Debug|x64.Build.0 = Debug|Any CPU
		{59D47E53-D65B-498C-8FAB-33C0AF126188}.Debug|x86.ActiveCfg = Debug|Any CPU
		{59D47E53-D65B-498C-8FAB-33C0AF126188}.Debug|x86.Build.0 = Debug|Any CPU
		{59D47E53-D65B-498C-8FAB-33C0AF126188}.Release|Any CPU.ActiveCfg = Release|Any CPU
		{59D47E53-D65B-498C-8FAB-33C0AF126188}.Release|Any CPU.Build.0 = Release|Any CPU
		{59D47E53-D65B-498C-8FAB-33C0AF126188}.Release|x64.ActiveCfg = Release|Any CPU
		{59D47E53-D65B-498C-8FAB-33C0AF126188}.Release|x64.Build.0 = Release|Any CPU
		{59D47E53-D65B-498C-8FAB-33C0AF126188}.Release|x86.ActiveCfg = Release|Any CPU
		{59D47E53-D65B-498C-8FAB-33C0AF126188}.Release|x86.Build.0 = Release|Any CPU
		{3A1A98F6-F2A0-4DDA-92CD-87F7C179073C}.Debug|Any CPU.ActiveCfg = Debug|Any CPU
		{3A1A98F6-F2A0-4DDA-92CD-87F7C179073C}.Debug|Any CPU.Build.0 = Debug|Any CPU
		{3A1A98F6-F2A0-4DDA-92CD-87F7C179073C}.Debug|x64.ActiveCfg = Debug|Any CPU
		{3A1A98F6-F2A0-4DDA-92CD-87F7C179073C}.Debug|x64.Build.0 = Debug|Any CPU
		{3A1A98F6-F2A0-4DDA-92CD-87F7C179073C}.Debug|x86.ActiveCfg = Debug|Any CPU
		{3A1A98F6-F2A0-4DDA-92CD-87F7C179073C}.Debug|x86.Build.0 = Debug|Any CPU
		{3A1A98F6-F2A0-4DDA-92CD-87F7C179073C}.Release|Any CPU.ActiveCfg = Release|Any CPU
		{3A1A98F6-F2A0-4DDA-92CD-87F7C179073C}.Release|Any CPU.Build.0 = Release|Any CPU
		{3A1A98F6-F2A0-4DDA-92CD-87F7C179073C}.Release|x64.ActiveCfg = Release|Any CPU
		{3A1A98F6-F2A0-4DDA-92CD-87F7C179073C}.Release|x64.Build.0 = Release|Any CPU
		{3A1A98F6-F2A0-4DDA-92CD-87F7C179073C}.Release|x86.ActiveCfg = Release|Any CPU
		{3A1A98F6-F2A0-4DDA-92CD-87F7C179073C}.Release|x86.Build.0 = Release|Any CPU
		{8F21BB95-3595-41E4-AA2F-7457F9DD57F5}.Debug|Any CPU.ActiveCfg = Debug|Any CPU
		{8F21BB95-3595-41E4-AA2F-7457F9DD57F5}.Debug|Any CPU.Build.0 = Debug|Any CPU
		{8F21BB95-3595-41E4-AA2F-7457F9DD57F5}.Debug|x64.ActiveCfg = Debug|Any CPU
		{8F21BB95-3595-41E4-AA2F-7457F9DD57F5}.Debug|x64.Build.0 = Debug|Any CPU
		{8F21BB95-3595-41E4-AA2F-7457F9DD57F5}.Debug|x86.ActiveCfg = Debug|Any CPU
		{8F21BB95-3595-41E4-AA2F-7457F9DD57F5}.Debug|x86.Build.0 = Debug|Any CPU
		{8F21BB95-3595-41E4-AA2F-7457F9DD57F5}.Release|Any CPU.ActiveCfg = Release|Any CPU
		{8F21BB95-3595-41E4-AA2F-7457F9DD57F5}.Release|Any CPU.Build.0 = Release|Any CPU
		{8F21BB95-3595-41E4-AA2F-7457F9DD57F5}.Release|x64.ActiveCfg = Release|Any CPU
		{8F21BB95-3595-41E4-AA2F-7457F9DD57F5}.Release|x64.Build.0 = Release|Any CPU
		{8F21BB95-3595-41E4-AA2F-7457F9DD57F5}.Release|x86.ActiveCfg = Release|Any CPU
		{8F21BB95-3595-41E4-AA2F-7457F9DD57F5}.Release|x86.Build.0 = Release|Any CPU
	EndGlobalSection
	GlobalSection(SolutionProperties) = preSolution
		HideSolutionNode = FALSE
	EndGlobalSection
	GlobalSection(NestedProjects) = preSolution
		{DBDBAE36-CC67-4B5E-9567-A48493989510} = {F95F473B-E98A-ACD6-1986-755F447BE36F}
		{1A6A0E98-942A-4F17-BA7D-25860701CC15} = {478B9FC6-C69E-451A-A1B0-243A72DD6C16}
		{199D5EB7-B24B-4934-A275-CF4ED8736E35} = {478B9FC6-C69E-451A-A1B0-243A72DD6C16}
		{B04BF8EC-4A25-49DE-A41E-FEC089B234EE} = {478B9FC6-C69E-451A-A1B0-243A72DD6C16}
		{B0AF9433-761F-408E-B604-A62DDFCD71BF} = {478B9FC6-C69E-451A-A1B0-243A72DD6C16}
		{9ABEA9E9-8791-4218-BAEE-D32C946278DC} = {9E52BB1C-E06A-44B6-8755-B0E31130F323}
		{D4914717-96F9-48CA-BFAF-841651D532BA} = {478B9FC6-C69E-451A-A1B0-243A72DD6C16}
		{BB939397-BFC9-4CD4-B947-BDB35211FA3C} = {33FD58CF-3231-4D93-818C-DB287933AD94}
		{3C8E68D6-FD78-443E-9934-6C761CA03EE2} = {BB939397-BFC9-4CD4-B947-BDB35211FA3C}
		{046ADE63-ECFA-4E20-A848-A00D7B0FDA10} = {BB939397-BFC9-4CD4-B947-BDB35211FA3C}
		{81F268F2-9B27-4BB6-94E8-13AD6DE87715} = {F95F473B-E98A-ACD6-1986-755F447BE36F}
		{1E7C0E26-E874-463F-B438-46DDC2BEC7E7} = {BB939397-BFC9-4CD4-B947-BDB35211FA3C}
		{1155739F-7432-4E57-92D7-A89E632C992C} = {478B9FC6-C69E-451A-A1B0-243A72DD6C16}
		{70BF16BC-919E-4E2A-ACD9-43F79D618E58} = {478B9FC6-C69E-451A-A1B0-243A72DD6C16}
		{06B7CFBA-D2AB-4C30-B68E-31AF1414103C} = {B8B56BEA-BFD4-461F-8031-5C1F443F8257}
		{B786794C-6EE8-4C94-B205-C0DEC13A1C62} = {33FD58CF-3231-4D93-818C-DB287933AD94}
		{24B5FA54-769B-4946-9DBB-C844BCE2942A} = {B786794C-6EE8-4C94-B205-C0DEC13A1C62}
		{520F4459-E078-4624-8ECE-1E0DD4B6B95C} = {B786794C-6EE8-4C94-B205-C0DEC13A1C62}
		{49B6DC50-62B8-4F74-AE21-F558F87A7E50} = {B8B56BEA-BFD4-461F-8031-5C1F443F8257}
		{F9B16551-8CE1-4C27-B5C7-C66B3B828C83} = {B8B56BEA-BFD4-461F-8031-5C1F443F8257}
		{A4C20CDB-A9C1-4BCB-8A15-FD35CD62AA0B} = {33FD58CF-3231-4D93-818C-DB287933AD94}
		{59D47E53-D65B-498C-8FAB-33C0AF126188} = {A4C20CDB-A9C1-4BCB-8A15-FD35CD62AA0B}
		{3A1A98F6-F2A0-4DDA-92CD-87F7C179073C} = {A4C20CDB-A9C1-4BCB-8A15-FD35CD62AA0B}
		{8F21BB95-3595-41E4-AA2F-7457F9DD57F5} = {A4C20CDB-A9C1-4BCB-8A15-FD35CD62AA0B}
	EndGlobalSection
EndGlobal
